
Microsoft Visual Studio Solution File, Format Version 12.00
# Visual Studio 15
VisualStudioVersion = 15.0.27703.2026
MinimumVisualStudioVersion = 10.0.40219.1
Project("{9A19103F-16F7-4668-BE54-9A1E7A4F7556}") = "Ace", "Ace\Ace.csproj", "{47AB6871-04F7-4FD3-8B9F-162A80626693}"
EndProject
Project("{9A19103F-16F7-4668-BE54-9A1E7A4F7556}") = "Ace.Application", "Ace.Application\Ace.Application.csproj", "{28890B7E-E203-45AE-9C1E-B36D32737187}"
EndProject
Project("{9A19103F-16F7-4668-BE54-9A1E7A4F7556}") = "Ace.Application.System", "Ace.Application.System\Ace.Application.System.csproj", "{4332EEBF-0A50-4152-A3AA-31577A25F388}"
EndProject
Project("{9A19103F-16F7-4668-BE54-9A1E7A4F7556}") = "Ace.Application.Wiki", "Ace.Application.Wiki\Ace.Application.Wiki.csproj", "{4D2C471B-C555-4D12-B05F-970D920C35C9}"
EndProject
Project("{9A19103F-16F7-4668-BE54-9A1E7A4F7556}") = "Ace.AutoMapper", "Ace.AutoMapper\Ace.AutoMapper.csproj", "{92D05642-6572-4B20-A2A6-78A9B34E6AE9}"
EndProject
Project("{9A19103F-16F7-4668-BE54-9A1E7A4F7556}") = "Ace.Data", "Ace.Data\Ace.Data.csproj", "{5D13B62C-9937-451B-BFCC-CB11368E83E5}"
EndProject
Project("{9A19103F-16F7-4668-BE54-9A1E7A4F7556}") = "Ace.Entity", "Ace.Entity\Ace.Entity.csproj", "{7E542EB0-5E56-4286-AC8D-C5A3A91AA718}"
EndProject
Project("{9A19103F-16F7-4668-BE54-9A1E7A4F7556}") = "Ace.Entity.Wiki", "Ace.Entity.Wiki\Ace.Entity.Wiki.csproj", "{E3B99B50-66B6-4A7A-AA02-10E4D8976DB2}"
EndProject
Project("{9A19103F-16F7-4668-BE54-9A1E7A4F7556}") = "Ace.Web", "Ace.Web\Ace.Web.csproj", "{D529A303-4F1B-4675-899F-DC0B37894210}"
EndProject
Project("{9A19103F-16F7-4668-BE54-9A1E7A4F7556}") = "Ace.Web.Mvc", "Ace.Web.Mvc\Ace.Web.Mvc.csproj", "{536E4258-1148-4A7E-87EA-6B6CE809FF1F}"
EndProject
Project("{9A19103F-16F7-4668-BE54-9A1E7A4F7556}") = "DotNetEx", "DotNetEx\DotNetEx.csproj", "{6E5FBB87-ACEA-4BBB-B47F-4D081DF9034F}"
EndProject
Project("{9A19103F-16F7-4668-BE54-9A1E7A4F7556}") = "Chloe.Admin", "Chloe.Admin\Chloe.Admin.csproj", "{A9BBCABB-DA22-4C4C-8579-3200F468E844}"
EndProject
Project("{9A19103F-16F7-4668-BE54-9A1E7A4F7556}") = "Senparc.Weixin.MP.CoreSample.CommonService", "Senparc.Weixin.MP.CoreSample.CommonService\Senparc.Weixin.MP.CoreSample.CommonService.csproj", "{D0BF4D47-AEDD-4CCD-A0CD-C492DA1F4B51}"
EndProject
Project("{2150E333-8FDC-42A3-9474-1A3956D46DE8}") = "Lib", "Lib", "{07BC734C-5B96-489D-8747-A1BD031059FE}"
EndProject
Global
	GlobalSection(SolutionConfigurationPlatforms) = preSolution
		Debug|Any CPU = Debug|Any CPU
		Debug|x86 = Debug|x86
		Release|Any CPU = Release|Any CPU
		Release|x86 = Release|x86
	EndGlobalSection
	GlobalSection(ProjectConfigurationPlatforms) = postSolution
		{47AB6871-04F7-4FD3-8B9F-162A80626693}.Debug|Any CPU.ActiveCfg = Debug|Any CPU
		{47AB6871-04F7-4FD3-8B9F-162A80626693}.Debug|Any CPU.Build.0 = Debug|Any CPU
		{47AB6871-04F7-4FD3-8B9F-162A80626693}.Debug|x86.ActiveCfg = Debug|Any CPU
		{47AB6871-04F7-4FD3-8B9F-162A80626693}.Debug|x86.Build.0 = Debug|Any CPU
		{47AB6871-04F7-4FD3-8B9F-162A80626693}.Release|Any CPU.ActiveCfg = Release|Any CPU
		{47AB6871-04F7-4FD3-8B9F-162A80626693}.Release|Any CPU.Build.0 = Release|Any CPU
		{47AB6871-04F7-4FD3-8B9F-162A80626693}.Release|x86.ActiveCfg = Release|Any CPU
		{47AB6871-04F7-4FD3-8B9F-162A80626693}.Release|x86.Build.0 = Release|Any CPU
		{28890B7E-E203-45AE-9C1E-B36D32737187}.Debug|Any CPU.ActiveCfg = Debug|Any CPU
		{28890B7E-E203-45AE-9C1E-B36D32737187}.Debug|Any CPU.Build.0 = Debug|Any CPU
		{28890B7E-E203-45AE-9C1E-B36D32737187}.Debug|x86.ActiveCfg = Debug|Any CPU
		{28890B7E-E203-45AE-9C1E-B36D32737187}.Debug|x86.Build.0 = Debug|Any CPU
		{28890B7E-E203-45AE-9C1E-B36D32737187}.Release|Any CPU.ActiveCfg = Release|Any CPU
		{28890B7E-E203-45AE-9C1E-B36D32737187}.Release|Any CPU.Build.0 = Release|Any CPU
		{28890B7E-E203-45AE-9C1E-B36D32737187}.Release|x86.ActiveCfg = Release|Any CPU
		{28890B7E-E203-45AE-9C1E-B36D32737187}.Release|x86.Build.0 = Release|Any CPU
		{4332EEBF-0A50-4152-A3AA-31577A25F388}.Debug|Any CPU.ActiveCfg = Debug|Any CPU
		{4332EEBF-0A50-4152-A3AA-31577A25F388}.Debug|Any CPU.Build.0 = Debug|Any CPU
		{4332EEBF-0A50-4152-A3AA-31577A25F388}.Debug|x86.ActiveCfg = Debug|Any CPU
		{4332EEBF-0A50-4152-A3AA-31577A25F388}.Debug|x86.Build.0 = Debug|Any CPU
		{4332EEBF-0A50-4152-A3AA-31577A25F388}.Release|Any CPU.ActiveCfg = Release|Any CPU
		{4332EEBF-0A50-4152-A3AA-31577A25F388}.Release|Any CPU.Build.0 = Release|Any CPU
		{4332EEBF-0A50-4152-A3AA-31577A25F388}.Release|x86.ActiveCfg = Release|Any CPU
		{4332EEBF-0A50-4152-A3AA-31577A25F388}.Release|x86.Build.0 = Release|Any CPU
		{4D2C471B-C555-4D12-B05F-970D920C35C9}.Debug|Any CPU.ActiveCfg = Debug|Any CPU
		{4D2C471B-C555-4D12-B05F-970D920C35C9}.Debug|Any CPU.Build.0 = Debug|Any CPU
		{4D2C471B-C555-4D12-B05F-970D920C35C9}.Debug|x86.ActiveCfg = Debug|Any CPU
		{4D2C471B-C555-4D12-B05F-970D920C35C9}.Debug|x86.Build.0 = Debug|Any CPU
		{4D2C471B-C555-4D12-B05F-970D920C35C9}.Release|Any CPU.ActiveCfg = Release|Any CPU
		{4D2C471B-C555-4D12-B05F-970D920C35C9}.Release|Any CPU.Build.0 = Release|Any CPU
		{4D2C471B-C555-4D12-B05F-970D920C35C9}.Release|x86.ActiveCfg = Release|Any CPU
		{4D2C471B-C555-4D12-B05F-970D920C35C9}.Release|x86.Build.0 = Release|Any CPU
		{92D05642-6572-4B20-A2A6-78A9B34E6AE9}.Debug|Any CPU.ActiveCfg = Debug|Any CPU
		{92D05642-6572-4B20-A2A6-78A9B34E6AE9}.Debug|Any CPU.Build.0 = Debug|Any CPU
		{92D05642-6572-4B20-A2A6-78A9B34E6AE9}.Debug|x86.ActiveCfg = Debug|Any CPU
		{92D05642-6572-4B20-A2A6-78A9B34E6AE9}.Debug|x86.Build.0 = Debug|Any CPU
		{92D05642-6572-4B20-A2A6-78A9B34E6AE9}.Release|Any CPU.ActiveCfg = Release|Any CPU
		{92D05642-6572-4B20-A2A6-78A9B34E6AE9}.Release|Any CPU.Build.0 = Release|Any CPU
		{92D05642-6572-4B20-A2A6-78A9B34E6AE9}.Release|x86.ActiveCfg = Release|Any CPU
		{92D05642-6572-4B20-A2A6-78A9B34E6AE9}.Release|x86.Build.0 = Release|Any CPU
		{5D13B62C-9937-451B-BFCC-CB11368E83E5}.Debug|Any CPU.ActiveCfg = Debug|Any CPU
		{5D13B62C-9937-451B-BFCC-CB11368E83E5}.Debug|Any CPU.Build.0 = Debug|Any CPU
		{5D13B62C-9937-451B-BFCC-CB11368E83E5}.Debug|x86.ActiveCfg = Debug|Any CPU
		{5D13B62C-9937-451B-BFCC-CB11368E83E5}.Debug|x86.Build.0 = Debug|Any CPU
		{5D13B62C-9937-451B-BFCC-CB11368E83E5}.Release|Any CPU.ActiveCfg = Release|Any CPU
		{5D13B62C-9937-451B-BFCC-CB11368E83E5}.Release|Any CPU.Build.0 = Release|Any CPU
		{5D13B62C-9937-451B-BFCC-CB11368E83E5}.Release|x86.ActiveCfg = Release|Any CPU
		{5D13B62C-9937-451B-BFCC-CB11368E83E5}.Release|x86.Build.0 = Release|Any CPU
		{7E542EB0-5E56-4286-AC8D-C5A3A91AA718}.Debug|Any CPU.ActiveCfg = Debug|Any CPU
		{7E542EB0-5E56-4286-AC8D-C5A3A91AA718}.Debug|Any CPU.Build.0 = Debug|Any CPU
		{7E542EB0-5E56-4286-AC8D-C5A3A91AA718}.Debug|x86.ActiveCfg = Debug|Any CPU
		{7E542EB0-5E56-4286-AC8D-C5A3A91AA718}.Debug|x86.Build.0 = Debug|Any CPU
		{7E542EB0-5E56-4286-AC8D-C5A3A91AA718}.Release|Any CPU.ActiveCfg = Release|Any CPU
		{7E542EB0-5E56-4286-AC8D-C5A3A91AA718}.Release|Any CPU.Build.0 = Release|Any CPU
		{7E542EB0-5E56-4286-AC8D-C5A3A91AA718}.Release|x86.ActiveCfg = Release|Any CPU
		{7E542EB0-5E56-4286-AC8D-C5A3A91AA718}.Release|x86.Build.0 = Release|Any CPU
		{E3B99B50-66B6-4A7A-AA02-10E4D8976DB2}.Debug|Any CPU.ActiveCfg = Debug|Any CPU
		{E3B99B50-66B6-4A7A-AA02-10E4D8976DB2}.Debug|Any CPU.Build.0 = Debug|Any CPU
		{E3B99B50-66B6-4A7A-AA02-10E4D8976DB2}.Debug|x86.ActiveCfg = Debug|Any CPU
		{E3B99B50-66B6-4A7A-AA02-10E4D8976DB2}.Debug|x86.Build.0 = Debug|Any CPU
		{E3B99B50-66B6-4A7A-AA02-10E4D8976DB2}.Release|Any CPU.ActiveCfg = Release|Any CPU
		{E3B99B50-66B6-4A7A-AA02-10E4D8976DB2}.Release|Any CPU.Build.0 = Release|Any CPU
		{E3B99B50-66B6-4A7A-AA02-10E4D8976DB2}.Release|x86.ActiveCfg = Release|Any CPU
		{E3B99B50-66B6-4A7A-AA02-10E4D8976DB2}.Release|x86.Build.0 = Release|Any CPU
		{D529A303-4F1B-4675-899F-DC0B37894210}.Debug|Any CPU.ActiveCfg = Debug|Any CPU
		{D529A303-4F1B-4675-899F-DC0B37894210}.Debug|Any CPU.Build.0 = Debug|Any CPU
		{D529A303-4F1B-4675-899F-DC0B37894210}.Debug|x86.ActiveCfg = Debug|Any CPU
		{D529A303-4F1B-4675-899F-DC0B37894210}.Debug|x86.Build.0 = Debug|Any CPU
		{D529A303-4F1B-4675-899F-DC0B37894210}.Release|Any CPU.ActiveCfg = Release|Any CPU
		{D529A303-4F1B-4675-899F-DC0B37894210}.Release|Any CPU.Build.0 = Release|Any CPU
		{D529A303-4F1B-4675-899F-DC0B37894210}.Release|x86.ActiveCfg = Release|Any CPU
		{D529A303-4F1B-4675-899F-DC0B37894210}.Release|x86.Build.0 = Release|Any CPU
		{536E4258-1148-4A7E-87EA-6B6CE809FF1F}.Debug|Any CPU.ActiveCfg = Debug|Any CPU
		{536E4258-1148-4A7E-87EA-6B6CE809FF1F}.Debug|Any CPU.Build.0 = Debug|Any CPU
		{536E4258-1148-4A7E-87EA-6B6CE809FF1F}.Debug|x86.ActiveCfg = Debug|Any CPU
		{536E4258-1148-4A7E-87EA-6B6CE809FF1F}.Debug|x86.Build.0 = Debug|Any CPU
		{536E4258-1148-4A7E-87EA-6B6CE809FF1F}.Release|Any CPU.ActiveCfg = Release|Any CPU
		{536E4258-1148-4A7E-87EA-6B6CE809FF1F}.Release|Any CPU.Build.0 = Release|Any CPU
		{536E4258-1148-4A7E-87EA-6B6CE809FF1F}.Release|x86.ActiveCfg = Release|Any CPU
		{536E4258-1148-4A7E-87EA-6B6CE809FF1F}.Release|x86.Build.0 = Release|Any CPU
		{6E5FBB87-ACEA-4BBB-B47F-4D081DF9034F}.Debug|Any CPU.ActiveCfg = Debug|Any CPU
		{6E5FBB87-ACEA-4BBB-B47F-4D081DF9034F}.Debug|Any CPU.Build.0 = Debug|Any CPU
		{6E5FBB87-ACEA-4BBB-B47F-4D081DF9034F}.Debug|x86.ActiveCfg = Debug|Any CPU
		{6E5FBB87-ACEA-4BBB-B47F-4D081DF9034F}.Debug|x86.Build.0 = Debug|Any CPU
		{6E5FBB87-ACEA-4BBB-B47F-4D081DF9034F}.Release|Any CPU.ActiveCfg = Release|Any CPU
		{6E5FBB87-ACEA-4BBB-B47F-4D081DF9034F}.Release|Any CPU.Build.0 = Release|Any CPU
		{6E5FBB87-ACEA-4BBB-B47F-4D081DF9034F}.Release|x86.ActiveCfg = Release|Any CPU
		{6E5FBB87-ACEA-4BBB-B47F-4D081DF9034F}.Release|x86.Build.0 = Release|Any CPU
		{A9BBCABB-DA22-4C4C-8579-3200F468E844}.Debug|Any CPU.ActiveCfg = Debug|Any CPU
		{A9BBCABB-DA22-4C4C-8579-3200F468E844}.Debug|Any CPU.Build.0 = Debug|Any CPU
		{A9BBCABB-DA22-4C4C-8579-3200F468E844}.Debug|x86.ActiveCfg = Debug|Any CPU
		{A9BBCABB-DA22-4C4C-8579-3200F468E844}.Debug|x86.Build.0 = Debug|Any CPU
		{A9BBCABB-DA22-4C4C-8579-3200F468E844}.Release|Any CPU.ActiveCfg = Release|Any CPU
		{A9BBCABB-DA22-4C4C-8579-3200F468E844}.Release|Any CPU.Build.0 = Release|Any CPU
		{A9BBCABB-DA22-4C4C-8579-3200F468E844}.Release|x86.ActiveCfg = Release|Any CPU
		{A9BBCABB-DA22-4C4C-8579-3200F468E844}.Release|x86.Build.0 = Release|Any CPU
		{D0BF4D47-AEDD-4CCD-A0CD-C492DA1F4B51}.Debug|Any CPU.ActiveCfg = Debug|Any CPU
		{D0BF4D47-AEDD-4CCD-A0CD-C492DA1F4B51}.Debug|Any CPU.Build.0 = Debug|Any CPU
		{D0BF4D47-AEDD-4CCD-A0CD-C492DA1F4B51}.Debug|x86.ActiveCfg = Debug|Any CPU
		{D0BF4D47-AEDD-4CCD-A0CD-C492DA1F4B51}.Debug|x86.Build.0 = Debug|Any CPU
		{D0BF4D47-AEDD-4CCD-A0CD-C492DA1F4B51}.Release|Any CPU.ActiveCfg = Release|Any CPU
		{D0BF4D47-AEDD-4CCD-A0CD-C492DA1F4B51}.Release|Any CPU.Build.0 = Release|Any CPU
		{D0BF4D47-AEDD-4CCD-A0CD-C492DA1F4B51}.Release|x86.ActiveCfg = Release|Any CPU
		{D0BF4D47-AEDD-4CCD-A0CD-C492DA1F4B51}.Release|x86.Build.0 = Release|Any CPU
	EndGlobalSection
	GlobalSection(SolutionProperties) = preSolution
		HideSolutionNode = FALSE
	EndGlobalSection
	GlobalSection(NestedProjects) = preSolution
		{47AB6871-04F7-4FD3-8B9F-162A80626693} = {07BC734C-5B96-489D-8747-A1BD031059FE}
		{28890B7E-E203-45AE-9C1E-B36D32737187} = {07BC734C-5B96-489D-8747-A1BD031059FE}
		{92D05642-6572-4B20-A2A6-78A9B34E6AE9} = {07BC734C-5B96-489D-8747-A1BD031059FE}
		{5D13B62C-9937-451B-BFCC-CB11368E83E5} = {07BC734C-5B96-489D-8747-A1BD031059FE}
		{D529A303-4F1B-4675-899F-DC0B37894210} = {07BC734C-5B96-489D-8747-A1BD031059FE}
		{536E4258-1148-4A7E-87EA-6B6CE809FF1F} = {07BC734C-5B96-489D-8747-A1BD031059FE}
		{6E5FBB87-ACEA-4BBB-B47F-4D081DF9034F} = {07BC734C-5B96-489D-8747-A1BD031059FE}
		{D0BF4D47-AEDD-4CCD-A0CD-C492DA1F4B51} = {07BC734C-5B96-489D-8747-A1BD031059FE}
	EndGlobalSection
	GlobalSection(ExtensibilityGlobals) = postSolution
		SolutionGuid = {07C061E4-EFCF-4CE0-8D4E-235120B3394A}
	EndGlobalSection
EndGlobal
